{
  "requires": true,
  "lockfileVersion": 1,
  "dependencies": {
    "cordova-plugin-device-motion": {
      "version": "1.2.5",
      "resolved": "https://registry.npmjs.org/cordova-plugin-device-motion/-/cordova-plugin-device-motion-1.2.5.tgz",
      "integrity": "sha1-e1jt2dVQ3wpvua76tVuW1UkLGlY="
    }
  }
}
